
Microsoft Visual Studio Solution File, Format Version 12.00
# Visual Studio 15
VisualStudioVersion = 15.0.28307.329
MinimumVisualStudioVersion = 10.0.40219.1
Project("{9A19103F-16F7-4668-BE54-9A1E7A4F7556}") = "pasientdata-api", "src\pasientdata-api\pasientdata-api.csproj", "{EAA6F40F-08A2-4DDB-825C-F0D5FC1A0ECD}"
EndProject
Global
	GlobalSection(SolutionConfigurationPlatforms) = preSolution
		Debug|Any CPU = Debug|Any CPU
		Release|Any CPU = Release|Any CPU
	EndGlobalSection
	GlobalSection(ProjectConfigurationPlatforms) = postSolution
		{EAA6F40F-08A2-4DDB-825C-F0D5FC1A0ECD}.Debug|Any CPU.ActiveCfg = Debug|Any CPU
		{EAA6F40F-08A2-4DDB-825C-F0D5FC1A0ECD}.Debug|Any CPU.Build.0 = Debug|Any CPU
		{EAA6F40F-08A2-4DDB-825C-F0D5FC1A0ECD}.Release|Any CPU.ActiveCfg = Release|Any CPU
		{EAA6F40F-08A2-4DDB-825C-F0D5FC1A0ECD}.Release|Any CPU.Build.0 = Release|Any CPU
	EndGlobalSection
	GlobalSection(SolutionProperties) = preSolution
		HideSolutionNode = FALSE
	EndGlobalSection
	GlobalSection(ExtensibilityGlobals) = postSolution
		SolutionGuid = {92D45833-6E40-43BC-B23A-B56CCE09FEC4}
	EndGlobalSection
EndGlobal
